
Microsoft Visual Studio Solution File, Format Version 12.00
# Visual Studio Version 16
VisualStudioVersion = 16.0.28803.352
MinimumVisualStudioVersion = 10.0.40219.1
Project("{FAE04EC0-301F-11D3-BF4B-00C04F79EFBC}") = "Toast (.Net Core)", "Toast (.Net Core)\Toast (.Net Core).csproj", "{21C751F9-BE28-4D04-9C43-AAF982DBF20C}"
EndProject
Global
	GlobalSection(SolutionConfigurationPlatforms) = preSolution
		Debug|Any CPU = Debug|Any CPU
		Release|Any CPU = Release|Any CPU
	EndGlobalSection
	GlobalSection(ProjectConfigurationPlatforms) = postSolution
		{21C751F9-BE28-4D04-9C43-AAF982DBF20C}.Debug|Any CPU.ActiveCfg = Debug|Any CPU
		{21C751F9-BE28-4D04-9C43-AAF982DBF20C}.Debug|Any CPU.Build.0 = Debug|Any CPU
		{21C751F9-BE28-4D04-9C43-AAF982DBF20C}.Release|Any CPU.ActiveCfg = Release|Any CPU
		{21C751F9-BE28-4D04-9C43-AAF982DBF20C}.Release|Any CPU.Build.0 = Release|Any CPU
	EndGlobalSection
	GlobalSection(SolutionProperties) = preSolution
		HideSolutionNode = FALSE
	EndGlobalSection
	GlobalSection(ExtensibilityGlobals) = postSolution
		SolutionGuid = {CF6AEBF0-45FF-44B0-BDC1-1CC035A1443A}
	EndGlobalSection
EndGlobal
